{
  "name": "ey",
  "version": "1.0.7",
  "lockfileVersion": 2,
  "requires": true,
  "packages": {
    "": {
      "name": "ey",
      "version": "1.0.7",
      "license": "Unlicense",
      "dependencies": {
        "uWebSockets.js": "github:uNetworking/uWebSockets.js#semver:20.x.x"
      }
    },
    "node_modules/uWebSockets.js": {
      "version": "20.15.0",
      "resolved": "git+ssh://git@github.com/uNetworking/uWebSockets.js.git#77bc1fd5577ae42b56675912eb8481a31f3fefd2"
    }
  },
  "dependencies": {
    "uWebSockets.js": {
      "version": "git+ssh://git@github.com/uNetworking/uWebSockets.js.git#77bc1fd5577ae42b56675912eb8481a31f3fefd2",
      "from": "uWebSockets.js@github:uNetworking/uWebSockets.js#semver:20.x.x"
    }
  }
}
