{
  "name": "ey",
  "version": "2.0.0",
  "lockfileVersion": 3,
  "requires": true,
  "packages": {
    "": {
      "name": "ey",
      "version": "2.0.0",
      "license": "Unlicense",
      "dependencies": {
        "uWebSockets.js": "github:uNetworking/uWebSockets.js#v20.39.0"
      },
      "bin": {
        "ey": "bin/index.js"
      },
      "engines": {
        "node": ">=16"
      }
    },
    "node_modules/uWebSockets.js": {
      "version": "20.39.0",
      "resolved": "git+ssh://git@github.com/uNetworking/uWebSockets.js.git#ec37cb6444a284c4a0a8d50041a23a4bac9e5715",
      "license": "Apache-2.0"
    }
  }
}
