{
  "name": "ey",
  "version": "1.2.2",
  "lockfileVersion": 2,
  "requires": true,
  "packages": {
    "": {
      "name": "ey",
      "version": "1.2.2",
      "license": "Unlicense",
      "dependencies": {
        "uWebSockets.js": "github:uNetworking/uWebSockets.js#v20.19.0"
      },
      "bin": {
        "ey": "bin/index.js"
      }
    },
    "node_modules/uWebSockets.js": {
      "version": "20.19.0",
      "resolved": "git+ssh://git@github.com/uNetworking/uWebSockets.js.git#42c9c0d5d31f46ca4115dc75672b0037ec970f28"
    }
  },
  "dependencies": {
    "uWebSockets.js": {
      "version": "git+ssh://git@github.com/uNetworking/uWebSockets.js.git#42c9c0d5d31f46ca4115dc75672b0037ec970f28",
      "from": "uWebSockets.js@uNetworking/uWebSockets.js#v20.19.0"
    }
  }
}
